
Microsoft Visual Studio Solution File, Format Version 12.00
# Visual Studio Version 17
VisualStudioVersion = 17.3.32811.315
MinimumVisualStudioVersion = 10.0.40219.1
Project("{888888A0-9F3D-457C-B088-3A5042F75D52}") = "pokemon_coding_challenge", "PokemonCodingChallenge\pokemon_coding_challenge.pyproj", "{3677BABA-EA39-41C3-B141-A610E71AA36E}"
EndProject
Global
	GlobalSection(SolutionConfigurationPlatforms) = preSolution
		Debug|Any CPU = Debug|Any CPU
		Release|Any CPU = Release|Any CPU
	EndGlobalSection
	GlobalSection(ProjectConfigurationPlatforms) = postSolution
		{3677BABA-EA39-41C3-B141-A610E71AA36E}.Debug|Any CPU.ActiveCfg = Debug|Any CPU
		{3677BABA-EA39-41C3-B141-A610E71AA36E}.Release|Any CPU.ActiveCfg = Release|Any CPU
	EndGlobalSection
	GlobalSection(SolutionProperties) = preSolution
		HideSolutionNode = FALSE
	EndGlobalSection
	GlobalSection(ExtensibilityGlobals) = postSolution
		SolutionGuid = {45BAEC2F-079D-40C0-8F6B-9B053E90A76B}
	EndGlobalSection
EndGlobal
